# This file is autogenerated, do not edit; changes may be undone by the next 'dep ensure'.


[[projects]]
  name = "github.com/ghodss/yaml"
  packages = ["."]
  revision = "0ca9ea5df5451ffdf184b4428c902747c2c11cd7"
  version = "v1.0.0"

[[projects]]
  name = "gopkg.in/yaml.v2"
  packages = ["."]
  revision = "5420a8b6744d3b0345ab293f6fcba19c978f1183"
  version = "v2.2.1"

[solve-meta]
  analyzer-name = "dep"
  analyzer-version = 1
  inputs-digest = "a986d6974e014137830789094a8f44ecc95cbf32157a0d9bafe988bae1483e49"
  solver-name = "gps-cdcl"
  solver-version = 1
